version: 2.0
shards:
  admiral:
    git: https://github.com/jwaldrip/admiral.cr.git
    version: 1.11.4

  ameba:
    git: https://github.com/crystal-ameba/ameba.git
    version: 0.14.2

  kilt:
    git: https://github.com/jeromegn/kilt.git
    version: 0.6.1

  slang:
    git: https://github.com/jeromegn/slang.git
    version: 1.7.2

